Microsoft Visual Studio Solution File, Format Version 12.00
# Visual Studio 2015
Project("{FAE04EC0-301F-11D3-BF4B-00C04F79EFBC}") = "Services.CustomerMgmt.Wcf", "Services.CustomerMgmt.Wcf\Services.CustomerMgmt.Wcf.csproj", "{11111111-1111-1111-1111-111111111111}"
EndProject
Project("{FAE04EC0-301F-11D3-BF4B-00C04F79EFBC}") = "Services.OrderProcessing.Wcf", "Services.OrderProcessing.Wcf\Services.OrderProcessing.Wcf.csproj", "{22222222-2222-2222-2222-222222222222}"
EndProject
Project("{FAE04EC0-301F-11D3-BF4B-00C04F79EFBC}") = "Services.Billing.Asmx", "Services.Billing.Asmx\Services.Billing.Asmx.csproj", "{33333333-3333-3333-3333-333333333333}"
EndProject
Global
EndGlobal
